# This file is automatically @generated by Poetry 1.5.1 and should not be changed by hand.

[[package]]
name = "kaolibrary"
version = "1.0.2"
description = "test"
optional = false
python-versions = "*"
files = [
    {file = "KaoLibrary-1.0.2.zip", hash = "sha256:9788149dfc4905ce3bb52e72dc08355bac5c384b3f08267d541955845e35102b"},
]

[[package]]
name = "mathematics"
version = "0a1.dev2022411"
description = "A package with mathematical functions"
optional = false
python-versions = ">=3.8"
files = [
    {file = "mathematics-0.0.0a1.dev2022411-py3-none-any.whl", hash = "sha256:e6fa5bc6f8eb80217ac02350915228a575d9721697564f2d4e7ade6eea6bef4e"},
    {file = "mathematics-0.0.0a1.dev2022411.tar.gz", hash = "sha256:343c0283466c2a626d3f33f5f30d06380d878a525b1731a370da9d567f701f90"},
]

[metadata]
lock-version = "2.0"
python-versions = ">=3.10.0,<3.11"
content-hash = "03bce6df753a33503142da7a9983c9e2e40ed331a08f2f6870d776a9e649cf96"
